
Microsoft Visual Studio Solution File, Format Version 12.00
# Visual Studio Version 16
VisualStudioVersion = 16.0.31129.286
MinimumVisualStudioVersion = 10.0.40219.1
Project("{E24C65DC-7377-472B-9ABA-BC803B73C61A}") = "1", "..\..\..\Desktop\1\", "{35B733B1-F5B0-406D-A69B-3C182B872908}"
	ProjectSection(WebsiteProperties) = preProject
		TargetFrameworkMoniker = ".NETFramework,Version%3Dv4.0"
		Debug.AspNetCompiler.VirtualPath = "/localhost_64220"
		Debug.AspNetCompiler.PhysicalPath = "..\..\..\Desktop\1\"
		Debug.AspNetCompiler.TargetPath = "PrecompiledWeb\localhost_64220\"
		Debug.AspNetCompiler.Updateable = "true"
		Debug.AspNetCompiler.ForceOverwrite = "true"
		Debug.AspNetCompiler.FixedNames = "false"
		Debug.AspNetCompiler.Debug = "True"
		Release.AspNetCompiler.VirtualPath = "/localhost_64220"
		Release.AspNetCompiler.PhysicalPath = "..\..\..\Desktop\1\"
		Release.AspNetCompiler.TargetPath = "PrecompiledWeb\localhost_64220\"
		Release.AspNetCompiler.Updateable = "true"
		Release.AspNetCompiler.ForceOverwrite = "true"
		Release.AspNetCompiler.FixedNames = "false"
		Release.AspNetCompiler.Debug = "False"
		VWDPort = "64220"
	EndProjectSection
EndProject
Global
	GlobalSection(SolutionConfigurationPlatforms) = preSolution
		Debug|Any CPU = Debug|Any CPU
	EndGlobalSection
	GlobalSection(ProjectConfigurationPlatforms) = postSolution
		{35B733B1-F5B0-406D-A69B-3C182B872908}.Debug|Any CPU.ActiveCfg = Debug|Any CPU
		{35B733B1-F5B0-406D-A69B-3C182B872908}.Debug|Any CPU.Build.0 = Debug|Any CPU
	EndGlobalSection
	GlobalSection(SolutionProperties) = preSolution
		HideSolutionNode = FALSE
	EndGlobalSection
	GlobalSection(ExtensibilityGlobals) = postSolution
		SolutionGuid = {9D599040-3690-4C17-BA2A-E93035738330}
	EndGlobalSection
EndGlobal
